{
    "hash": "fce97510b7d2fde5975f86150b646023",
    "packages": [
        {
            "name": "classpreloader/classpreloader",
            "version": "dev-master",
            "source": {
                "type": "git",
                "url": "https://github.com/mtdowling/ClassPreloader.git",
                "reference": "123af46f171da5b1e6fa0be061e2fc40ce118c5e"
            },
            "dist": {
                "type": "zip",
                "url": "https://api.github.com/repos/mtdowling/ClassPreloader/zipball/123af46f171da5b1e6fa0be061e2fc40ce118c5e",
                "reference": "123af46f171da5b1e6fa0be061e2fc40ce118c5e",
                "shasum": ""
            },
            "require": {
                "nikic/php-parser": "*",
                "php": ">=5.3.3",
                "symfony/console": ">2.0",
                "symfony/filesystem": ">2.0",
                "symfony/finder": ">2.0"
            },
            "bin": [
                "classpreloader.php"
            ],
            "type": "library",
            "extra": {
                "branch-alias": {
                    "dev-master": "1.0.0-dev"
                }
            },
            "autoload": {
                "psr-0": {
                    "ClassPreloader": "src/"
                }
            },
            "notification-url": "https://packagist.org/downloads/",
            "license": [
                "MIT"
            ],
            "description": "Helps class loading performance by generating a single PHP file containing all of the autoloaded files for a specific use case",
            "keywords": [
                "autoload",
                "class",
                "preload"
            ],
            "time": "2013-03-03 02:54:09"
        },
        {
            "name": "ircmaxell/password-compat",
            "version": "1.0.x-dev",
            "source": {
                "type": "git",
                "url": "https://github.com/ircmaxell/password_compat.git",
                "reference": "v1.0.0"
            },
            "dist": {
                "type": "zip",
                "url": "https://github.com/ircmaxell/password_compat/archive/v1.0.0.zip",
                "reference": "v1.0.0",
                "shasum": ""
            },
            "type": "library",
            "autoload": {
                "files": [
                    "lib/password.php"
                ]
            },
            "notification-url": "https://packagist.org/downloads/",
            "license": [
                "MIT"
            ],
            "authors": [
                {
                    "name": "Anthony Ferrara",
                    "email": "ircmaxell@php.net",
                    "homepage": "http://blog.ircmaxell.com"
                }
            ],
            "description": "A compatibility library for the proposed simplified password hashing algorithm: https://wiki.php.net/rfc/password_hash",
            "homepage": "https://github.com/ircmaxell/password_compat",
            "keywords": [
                "hashing",
                "password"
            ],
            "time": "2013-01-14 16:49:31"
        },
        {
            "name": "laravel/framework",
            "version": "dev-master",
            "source": {
                "type": "git",
                "url": "https://github.com/laravel/framework.git",
                "reference": "e5addd3c1f80bdb129eb8c84b947328bcf92808e"
            },
            "dist": {
                "type": "zip",
                "url": "https://api.github.com/repos/laravel/framework/zipball/e5addd3c1f80bdb129eb8c84b947328bcf92808e",
                "reference": "e5addd3c1f80bdb129eb8c84b947328bcf92808e",
                "shasum": ""
            },
            "require": {
                "classpreloader/classpreloader": "1.0.*",
                "ircmaxell/password-compat": "1.0.*",
                "monolog/monolog": "1.4.*",
                "patchwork/utf8": "1.0.*",
                "php": ">=5.3.7",
                "swiftmailer/swiftmailer": "4.3.*",
                "symfony/browser-kit": "2.2.*",
                "symfony/console": "2.2.*",
                "symfony/css-selector": "2.2.*",
                "symfony/dom-crawler": "2.2.*",
                "symfony/event-dispatcher": "2.2.*",
                "symfony/finder": "2.2.*",
                "symfony/http-foundation": "2.2.*",
                "symfony/http-kernel": "2.2.*",
                "symfony/process": "2.2.*",
                "symfony/routing": "2.2.*",
                "symfony/translation": "2.2.*"
            },
            "replace": {
                "illuminate/auth": "self.version",
                "illuminate/cache": "self.version",
                "illuminate/config": "self.version",
                "illuminate/console": "self.version",
                "illuminate/container": "self.version",
                "illuminate/cookie": "self.version",
                "illuminate/database": "self.version",
                "illuminate/encryption": "self.version",
                "illuminate/events": "self.version",
                "illuminate/exception": "self.version",
                "illuminate/filesystem": "self.version",
                "illuminate/foundation": "self.version",
                "illuminate/hashing": "self.version",
                "illuminate/http": "self.version",
                "illuminate/log": "self.version",
                "illuminate/mail": "self.version",
                "illuminate/pagination": "self.version",
                "illuminate/queue": "self.version",
                "illuminate/redis": "self.version",
                "illuminate/routing": "self.version",
                "illuminate/session": "self.version",
                "illuminate/support": "self.version",
                "illuminate/translation": "self.version",
                "illuminate/validation": "self.version",
                "illuminate/view": "self.version",
                "illuminate/workbench": "self.version"
            },
            "require-dev": {
                "aws/aws-sdk-php": "2.2.*",
                "iron-io/iron_mq": "1.4.4",
                "mockery/mockery": "0.7.2",
                "pda/pheanstalk": "2.0.*",
                "phpunit/phpunit": "3.7.*"
            },
            "type": "library",
            "extra": {
                "branch-alias": {
                    "dev-master": "4.0-dev"
                }
            },
            "autoload": {
                "files": [
                    "src/Illuminate/Support/helpers.php"
                ],
                "psr-0": {
                    "Illuminate": "src/"
                }
            },
            "notification-url": "https://packagist.org/downloads/",
            "license": [
                "MIT"
            ],
            "authors": [
                {
                    "name": "Taylor Otwell",
                    "email": "taylorotwell@gmail.com"
                }
            ],
            "description": "The Laravel Framework.",
            "keywords": [
                "framework",
                "laravel"
            ],
            "time": "2013-03-30 15:49:13"
        },
        {
            "name": "monolog/monolog",
            "version": "dev-master",
            "source": {
                "type": "git",
                "url": "https://github.com/Seldaek/monolog.git",
                "reference": "3f8c37b23c893ab72d85b6deb02cea9e215d2d3c"
            },
            "dist": {
                "type": "zip",
                "url": "https://api.github.com/repos/Seldaek/monolog/zipball/3f8c37b23c893ab72d85b6deb02cea9e215d2d3c",
                "reference": "3f8c37b23c893ab72d85b6deb02cea9e215d2d3c",
                "shasum": ""
            },
            "require": {
                "php": ">=5.3.0",
                "psr/log": ">=1.0,<2.0"
            },
            "require-dev": {
                "doctrine/couchdb": "dev-master",
                "mlehner/gelf-php": "1.0.*",
                "raven/raven": "0.3.*"
            },
            "suggest": {
                "doctrine/couchdb": "Allow sending log messages to a CouchDB server",
                "ext-amqp": "Allow sending log messages to an AMQP server (1.0+ required)",
                "ext-mongo": "Allow sending log messages to a MongoDB server",
                "mlehner/gelf-php": "Allow sending log messages to a GrayLog2 server",
                "raven/raven": "Allow sending log messages to a Sentry server"
            },
            "type": "library",
            "extra": {
                "branch-alias": {
                    "dev-master": "1.4.x-dev"
                }
            },
            "autoload": {
                "psr-0": {
                    "Monolog": "src/"
                }
            },
            "notification-url": "https://packagist.org/downloads/",
            "license": [
                "MIT"
            ],
            "authors": [
                {
                    "name": "Jordi Boggiano",
                    "email": "j.boggiano@seld.be",
                    "homepage": "http://seld.be",
                    "role": "Developer"
                }
            ],
            "description": "Sends your logs to files, sockets, inboxes, databases and various web services",
            "homepage": "http://github.com/Seldaek/monolog",
            "keywords": [
                "log",
                "logging",
                "psr-3"
            ],
            "time": "2013-03-28 10:41:04"
        },
        {
            "name": "nikic/php-parser",
            "version": "dev-master",
            "source": {
                "type": "git",
                "url": "https://github.com/nikic/PHP-Parser.git",
                "reference": "5fca55702b4e035b60a7b1cbac538572db47121d"
            },
            "dist": {
                "type": "zip",
                "url": "https://api.github.com/repos/nikic/PHP-Parser/zipball/5fca55702b4e035b60a7b1cbac538572db47121d",
                "reference": "5fca55702b4e035b60a7b1cbac538572db47121d",
                "shasum": ""
            },
            "require": {
                "php": ">=5.2"
            },
            "type": "library",
            "extra": {
                "branch-alias": {
                    "dev-master": "0.9-dev"
                }
            },
            "autoload": {
                "psr-0": {
                    "PHPParser": "lib/"
                }
            },
            "notification-url": "https://packagist.org/downloads/",
            "license": [
                "BSD-3-Clause"
            ],
            "authors": [
                {
                    "name": "Nikita Popov"
                }
            ],
            "description": "A PHP parser written in PHP",
            "keywords": [
                "parser",
                "php"
            ],
            "time": "2013-03-05 14:42:24"
        },
        {
            "name": "patchwork/utf8",
            "version": "v1.0.4",
            "source": {
                "type": "git",
                "url": "https://github.com/nicolas-grekas/Patchwork-UTF8.git",
                "reference": "v1.0.4"
            },
            "dist": {
                "type": "zip",
                "url": "https://github.com/nicolas-grekas/Patchwork-UTF8/archive/v1.0.4.zip",
                "reference": "v1.0.4",
                "shasum": ""
            },
            "require": {
                "php": ">=5.3.0"
            },
            "type": "library",
            "autoload": {
                "files": [
                    "bootup.utf8.php"
                ]
            },
            "notification-url": "https://packagist.org/downloads/",
            "license": [
                "(Apache-2.0 or GPL-2.0)"
            ],
            "authors": [
                {
                    "name": "Nicolas Grekas",
                    "email": "p@tchwork.com",
                    "role": "Developer"
                }
            ],
            "description": "UTF-8 strings handling for PHP 5.3: portable, performant and extended",
            "homepage": "https://github.com/nicolas-grekas/Patchwork-UTF8",
            "keywords": [
                "i18n",
                "unicode",
                "utf-8",
                "utf8"
            ],
            "time": "2012-12-13 08:48:39"
        },
        {
            "name": "psr/log",
            "version": "1.0.0",
            "source": {
                "type": "git",
                "url": "https://github.com/php-fig/log",
                "reference": "1.0.0"
            },
            "dist": {
                "type": "zip",
                "url": "https://github.com/php-fig/log/archive/1.0.0.zip",
                "reference": "1.0.0",
                "shasum": ""
            },
            "type": "library",
            "autoload": {
                "psr-0": {
                    "Psr\\Log\\": ""
                }
            },
            "notification-url": "https://packagist.org/downloads/",
            "license": [
                "MIT"
            ],
            "authors": [
                {
                    "name": "PHP-FIG",
                    "homepage": "http://www.php-fig.org/"
                }
            ],
            "description": "Common interface for logging libraries",
            "keywords": [
                "log",
                "psr",
                "psr-3"
            ],
            "time": "2012-12-21 11:40:51"
        },
        {
            "name": "swiftmailer/swiftmailer",
            "version": "dev-master",
            "source": {
                "type": "git",
                "url": "https://github.com/swiftmailer/swiftmailer.git",
                "reference": "7d490f435afdde9b54633bc2ecab6c153720614a"
            },
            "dist": {
                "type": "zip",
                "url": "https://api.github.com/repos/swiftmailer/swiftmailer/zipball/7d490f435afdde9b54633bc2ecab6c153720614a",
                "reference": "7d490f435afdde9b54633bc2ecab6c153720614a",
                "shasum": ""
            },
            "require": {
                "php": ">=5.2.4"
            },
            "type": "library",
            "extra": {
                "branch-alias": {
                    "dev-master": "4.3-dev"
                }
            },
            "autoload": {
                "files": [
                    "lib/swift_required.php"
                ]
            },
            "notification-url": "https://packagist.org/downloads/",
            "license": [
                "LGPL"
            ],
            "authors": [
                {
                    "name": "Fabien Potencier",
                    "email": "fabien@symfony.com"
                },
                {
                    "name": "Chris Corbyn"
                }
            ],
            "description": "Swiftmailer, free feature-rich PHP mailer",
            "homepage": "http://swiftmailer.org",
            "keywords": [
                "mail",
                "mailer"
            ],
            "time": "2013-03-22 14:03:11"
        },
        {
            "name": "symfony/browser-kit",
            "version": "2.2.x-dev",
            "target-dir": "Symfony/Component/BrowserKit",
            "source": {
                "type": "git",
                "url": "https://github.com/symfony/BrowserKit.git",
                "reference": "d55e7ffd7f10bead48adb03b208bc67bd53926bb"
            },
            "dist": {
                "type": "zip",
                "url": "https://api.github.com/repos/symfony/BrowserKit/zipball/d55e7ffd7f10bead48adb03b208bc67bd53926bb",
                "reference": "d55e7ffd7f10bead48adb03b208bc67bd53926bb",
                "shasum": ""
            },
            "require": {
                "php": ">=5.3.3",
                "symfony/dom-crawler": ">=2.0,<3.0"
            },
            "require-dev": {
                "symfony/css-selector": ">=2.0,<3.0",
                "symfony/process": ">=2.0,<3.0"
            },
            "suggest": {
                "symfony/process": "2.2.*"
            },
            "type": "library",
            "extra": {
                "branch-alias": {
                    "dev-master": "2.2-dev"
                }
            },
            "autoload": {
                "psr-0": {
                    "Symfony\\Component\\BrowserKit\\": ""
                }
            },
            "notification-url": "https://packagist.org/downloads/",
            "license": [
                "MIT"
            ],
            "authors": [
                {
                    "name": "Fabien Potencier",
                    "email": "fabien@symfony.com"
                },
                {
                    "name": "Symfony Community",
                    "homepage": "http://symfony.com/contributors"
                }
            ],
            "description": "Symfony BrowserKit Component",
            "homepage": "http://symfony.com",
            "time": "2013-03-15 10:14:31"
        },
        {
            "name": "symfony/console",
            "version": "2.2.x-dev",
            "target-dir": "Symfony/Component/Console",
            "source": {
                "type": "git",
                "url": "https://github.com/symfony/Console.git",
                "reference": "d146fc32a9cf13bc479820e515048298a34cd432"
            },
            "dist": {
                "type": "zip",
                "url": "https://api.github.com/repos/symfony/Console/zipball/d146fc32a9cf13bc479820e515048298a34cd432",
                "reference": "d146fc32a9cf13bc479820e515048298a34cd432",
                "shasum": ""
            },
            "require": {
                "php": ">=5.3.3"
            },
            "type": "library",
            "extra": {
                "branch-alias": {
                    "dev-master": "2.2-dev"
                }
            },
            "autoload": {
                "psr-0": {
                    "Symfony\\Component\\Console\\": ""
                }
            },
            "notification-url": "https://packagist.org/downloads/",
            "license": [
                "MIT"
            ],
            "authors": [
                {
                    "name": "Fabien Potencier",
                    "email": "fabien@symfony.com"
                },
                {
                    "name": "Symfony Community",
                    "homepage": "http://symfony.com/contributors"
                }
            ],
            "description": "Symfony Console Component",
            "homepage": "http://symfony.com",
            "time": "2013-03-19 20:48:08"
        },
        {
            "name": "symfony/css-selector",
            "version": "2.2.x-dev",
            "target-dir": "Symfony/Component/CssSelector",
            "source": {
                "type": "git",
                "url": "https://github.com/symfony/CssSelector.git",
                "reference": "v2.2.0-RC3"
            },
            "dist": {
                "type": "zip",
                "url": "https://api.github.com/repos/symfony/CssSelector/zipball/v2.2.0-RC3",
                "reference": "v2.2.0-RC3",
                "shasum": ""
            },
            "require": {
                "php": ">=5.3.3"
            },
            "type": "library",
            "extra": {
                "branch-alias": {
                    "dev-master": "2.2-dev"
                }
            },
            "autoload": {
                "psr-0": {
                    "Symfony\\Component\\CssSelector\\": ""
                }
            },
            "notification-url": "https://packagist.org/downloads/",
            "license": [
                "MIT"
            ],
            "authors": [
                {
                    "name": "Fabien Potencier",
                    "email": "fabien@symfony.com"
                },
                {
                    "name": "Symfony Community",
                    "homepage": "http://symfony.com/contributors"
                }
            ],
            "description": "Symfony CssSelector Component",
            "homepage": "http://symfony.com",
            "time": "2013-01-17 15:25:59"
        },
        {
            "name": "symfony/dom-crawler",
            "version": "2.2.x-dev",
            "target-dir": "Symfony/Component/DomCrawler",
            "source": {
                "type": "git",
                "url": "https://github.com/symfony/DomCrawler.git",
                "reference": "09f1c2512873cea65045db48076cf363920fb819"
            },
            "dist": {
                "type": "zip",
                "url": "https://api.github.com/repos/symfony/DomCrawler/zipball/09f1c2512873cea65045db48076cf363920fb819",
                "reference": "09f1c2512873cea65045db48076cf363920fb819",
                "shasum": ""
            },
            "require": {
                "php": ">=5.3.3"
            },
            "require-dev": {
                "symfony/css-selector": ">=2.0,<3.0"
            },
            "suggest": {
                "symfony/css-selector": "2.2.*"
            },
            "type": "library",
            "extra": {
                "branch-alias": {
                    "dev-master": "2.2-dev"
                }
            },
            "autoload": {
                "psr-0": {
                    "Symfony\\Component\\DomCrawler\\": ""
                }
            },
            "notification-url": "https://packagist.org/downloads/",
            "license": [
                "MIT"
            ],
            "authors": [
                {
                    "name": "Fabien Potencier",
                    "email": "fabien@symfony.com"
                },
                {
                    "name": "Symfony Community",
                    "homepage": "http://symfony.com/contributors"
                }
            ],
            "description": "Symfony DomCrawler Component",
            "homepage": "http://symfony.com",
            "time": "2013-03-20 13:55:39"
        },
        {
            "name": "symfony/event-dispatcher",
            "version": "2.2.x-dev",
            "target-dir": "Symfony/Component/EventDispatcher",
            "source": {
                "type": "git",
                "url": "https://github.com/symfony/EventDispatcher.git",
                "reference": "v2.2.0-RC3"
            },
            "dist": {
                "type": "zip",
                "url": "https://api.github.com/repos/symfony/EventDispatcher/zipball/v2.2.0-RC3",
                "reference": "v2.2.0-RC3",
                "shasum": ""
            },
            "require": {
                "php": ">=5.3.3"
            },
            "require-dev": {
                "symfony/dependency-injection": ">=2.0,<3.0"
            },
            "suggest": {
                "symfony/dependency-injection": "2.2.*",
                "symfony/http-kernel": "2.2.*"
            },
            "type": "library",
            "extra": {
                "branch-alias": {
                    "dev-master": "2.2-dev"
                }
            },
            "autoload": {
                "psr-0": {
                    "Symfony\\Component\\EventDispatcher\\": ""
                }
            },
            "notification-url": "https://packagist.org/downloads/",
            "license": [
                "MIT"
            ],
            "authors": [
                {
                    "name": "Fabien Potencier",
                    "email": "fabien@symfony.com"
                },
                {
                    "name": "Symfony Community",
                    "homepage": "http://symfony.com/contributors"
                }
            ],
            "description": "Symfony EventDispatcher Component",
            "homepage": "http://symfony.com",
            "time": "2013-02-11 11:26:43"
        },
        {
            "name": "symfony/filesystem",
            "version": "dev-master",
            "target-dir": "Symfony/Component/Filesystem",
            "source": {
                "type": "git",
                "url": "https://github.com/symfony/Filesystem.git",
                "reference": "414e4f741f2b0750a92925ada7a1864f94715388"
            },
            "dist": {
                "type": "zip",
                "url": "https://api.github.com/repos/symfony/Filesystem/zipball/414e4f741f2b0750a92925ada7a1864f94715388",
                "reference": "414e4f741f2b0750a92925ada7a1864f94715388",
                "shasum": ""
            },
            "require": {
                "php": ">=5.3.3"
            },
            "type": "library",
            "extra": {
                "branch-alias": {
                    "dev-master": "2.3-dev"
                }
            },
            "autoload": {
                "psr-0": {
                    "Symfony\\Component\\Filesystem\\": ""
                }
            },
            "notification-url": "https://packagist.org/downloads/",
            "license": [
                "MIT"
            ],
            "authors": [
                {
                    "name": "Fabien Potencier",
                    "email": "fabien@symfony.com"
                },
                {
                    "name": "Symfony Community",
                    "homepage": "http://symfony.com/contributors"
                }
            ],
            "description": "Symfony Filesystem Component",
            "homepage": "http://symfony.com",
            "time": "2013-01-31 21:39:01"
        },
        {
            "name": "symfony/finder",
            "version": "2.2.x-dev",
            "target-dir": "Symfony/Component/Finder",
            "source": {
                "type": "git",
                "url": "https://github.com/symfony/Finder.git",
                "reference": "c67f01a50fea3c2897a74ebbb64e3f7d83728d0f"
            },
            "dist": {
                "type": "zip",
                "url": "https://api.github.com/repos/symfony/Finder/zipball/c67f01a50fea3c2897a74ebbb64e3f7d83728d0f",
                "reference": "c67f01a50fea3c2897a74ebbb64e3f7d83728d0f",
                "shasum": ""
            },
            "require": {
                "php": ">=5.3.3"
            },
            "type": "library",
            "extra": {
                "branch-alias": {
                    "dev-master": "2.2-dev"
                }
            },
            "autoload": {
                "psr-0": {
                    "Symfony\\Component\\Finder\\": ""
                }
            },
            "notification-url": "https://packagist.org/downloads/",
            "license": [
                "MIT"
            ],
            "authors": [
                {
                    "name": "Fabien Potencier",
                    "email": "fabien@symfony.com"
                },
                {
                    "name": "Symfony Community",
                    "homepage": "http://symfony.com/contributors"
                }
            ],
            "description": "Symfony Finder Component",
            "homepage": "http://symfony.com",
            "time": "2013-03-12 11:39:20"
        },
        {
            "name": "symfony/http-foundation",
            "version": "2.2.x-dev",
            "target-dir": "Symfony/Component/HttpFoundation",
            "source": {
                "type": "git",
                "url": "https://github.com/symfony/HttpFoundation.git",
                "reference": "6af424d4fee81987e76bc76aa4e811859ca70bac"
            },
            "dist": {
                "type": "zip",
                "url": "https://api.github.com/repos/symfony/HttpFoundation/zipball/6af424d4fee81987e76bc76aa4e811859ca70bac",
                "reference": "6af424d4fee81987e76bc76aa4e811859ca70bac",
                "shasum": ""
            },
            "require": {
                "php": ">=5.3.3"
            },
            "type": "library",
            "extra": {
                "branch-alias": {
                    "dev-master": "2.2-dev"
                }
            },
            "autoload": {
                "psr-0": {
                    "Symfony\\Component\\HttpFoundation\\": ""
                },
                "classmap": [
                    "Symfony/Component/HttpFoundation/Resources/stubs"
                ]
            },
            "notification-url": "https://packagist.org/downloads/",
            "license": [
                "MIT"
            ],
            "authors": [
                {
                    "name": "Fabien Potencier",
                    "email": "fabien@symfony.com"
                },
                {
                    "name": "Symfony Community",
                    "homepage": "http://symfony.com/contributors"
                }
            ],
            "description": "Symfony HttpFoundation Component",
            "homepage": "http://symfony.com",
            "time": "2013-03-23 07:49:54"
        },
        {
            "name": "symfony/http-kernel",
            "version": "2.2.x-dev",
            "target-dir": "Symfony/Component/HttpKernel",
            "source": {
                "type": "git",
                "url": "https://github.com/symfony/HttpKernel.git",
                "reference": "3bfc8fda577fb671b2d9395a59fbc87f449fa61f"
            },
            "dist": {
                "type": "zip",
                "url": "https://api.github.com/repos/symfony/HttpKernel/zipball/3bfc8fda577fb671b2d9395a59fbc87f449fa61f",
                "reference": "3bfc8fda577fb671b2d9395a59fbc87f449fa61f",
                "shasum": ""
            },
            "require": {
                "php": ">=5.3.3",
                "psr/log": ">=1.0,<2.0",
                "symfony/event-dispatcher": ">=2.1,<3.0",
                "symfony/http-foundation": ">=2.2,<2.3-dev"
            },
            "require-dev": {
                "symfony/browser-kit": "2.2.*",
                "symfony/class-loader": ">=2.1,<3.0",
                "symfony/config": ">=2.0,<3.0",
                "symfony/console": "2.2.*",
                "symfony/dependency-injection": ">=2.0,<3.0",
                "symfony/finder": ">=2.0,<3.0",
                "symfony/process": ">=2.0,<3.0",
                "symfony/routing": ">=2.2,<2.3-dev",
                "symfony/stopwatch": ">=2.2,<2.3-dev"
            },
            "suggest": {
                "symfony/browser-kit": "2.2.*",
                "symfony/class-loader": "2.2.*",
                "symfony/config": "2.2.*",
                "symfony/console": "2.2.*",
                "symfony/dependency-injection": "2.2.*",
                "symfony/finder": "2.2.*"
            },
            "type": "library",
            "extra": {
                "branch-alias": {
                    "dev-master": "2.2-dev"
                }
            },
            "autoload": {
                "psr-0": {
                    "Symfony\\Component\\HttpKernel\\": ""
                }
            },
            "notification-url": "https://packagist.org/downloads/",
            "license": [
                "MIT"
            ],
            "authors": [
                {
                    "name": "Fabien Potencier",
                    "email": "fabien@symfony.com"
                },
                {
                    "name": "Symfony Community",
                    "homepage": "http://symfony.com/contributors"
                }
            ],
            "description": "Symfony HttpKernel Component",
            "homepage": "http://symfony.com",
            "time": "2013-03-23 10:43:44"
        },
        {
            "name": "symfony/process",
            "version": "2.2.x-dev",
            "target-dir": "Symfony/Component/Process",
            "source": {
                "type": "git",
                "url": "https://github.com/symfony/Process.git",
                "reference": "521c1f4047204a198d7d98bb69f2508bfe83a5e0"
            },
            "dist": {
                "type": "zip",
                "url": "https://api.github.com/repos/symfony/Process/zipball/521c1f4047204a198d7d98bb69f2508bfe83a5e0",
                "reference": "521c1f4047204a198d7d98bb69f2508bfe83a5e0",
                "shasum": ""
            },
            "require": {
                "php": ">=5.3.3"
            },
            "type": "library",
            "extra": {
                "branch-alias": {
                    "dev-master": "2.2-dev"
                }
            },
            "autoload": {
                "psr-0": {
                    "Symfony\\Component\\Process\\": ""
                }
            },
            "notification-url": "https://packagist.org/downloads/",
            "license": [
                "MIT"
            ],
            "authors": [
                {
                    "name": "Fabien Potencier",
                    "email": "fabien@symfony.com"
                },
                {
                    "name": "Symfony Community",
                    "homepage": "http://symfony.com/contributors"
                }
            ],
            "description": "Symfony Process Component",
            "homepage": "http://symfony.com",
            "time": "2013-03-23 07:49:54"
        },
        {
            "name": "symfony/routing",
            "version": "2.2.x-dev",
            "target-dir": "Symfony/Component/Routing",
            "source": {
                "type": "git",
                "url": "https://github.com/symfony/Routing.git",
                "reference": "a8599d5735c5f1f994cfbf91f59851add9c9f627"
            },
            "dist": {
                "type": "zip",
                "url": "https://api.github.com/repos/symfony/Routing/zipball/a8599d5735c5f1f994cfbf91f59851add9c9f627",
                "reference": "a8599d5735c5f1f994cfbf91f59851add9c9f627",
                "shasum": ""
            },
            "require": {
                "php": ">=5.3.3"
            },
            "require-dev": {
                "doctrine/common": ">=2.2,<3.0",
                "psr/log": ">=1.0,<2.0",
                "symfony/config": ">=2.2,<2.3-dev",
                "symfony/yaml": ">=2.0,<3.0"
            },
            "suggest": {
                "doctrine/common": "~2.2",
                "symfony/config": "2.2.*",
                "symfony/yaml": "2.2.*"
            },
            "type": "library",
            "extra": {
                "branch-alias": {
                    "dev-master": "2.2-dev"
                }
            },
            "autoload": {
                "psr-0": {
                    "Symfony\\Component\\Routing\\": ""
                }
            },
            "notification-url": "https://packagist.org/downloads/",
            "license": [
                "MIT"
            ],
            "authors": [
                {
                    "name": "Fabien Potencier",
                    "email": "fabien@symfony.com"
                },
                {
                    "name": "Symfony Community",
                    "homepage": "http://symfony.com/contributors"
                }
            ],
            "description": "Symfony Routing Component",
            "homepage": "http://symfony.com",
            "time": "2013-03-14 09:39:13"
        },
        {
            "name": "symfony/translation",
            "version": "2.2.x-dev",
            "target-dir": "Symfony/Component/Translation",
            "source": {
                "type": "git",
                "url": "https://github.com/symfony/Translation.git",
                "reference": "cdbeaa8d76d176df3762510c857d246f94387ef3"
            },
            "dist": {
                "type": "zip",
                "url": "https://api.github.com/repos/symfony/Translation/zipball/cdbeaa8d76d176df3762510c857d246f94387ef3",
                "reference": "cdbeaa8d76d176df3762510c857d246f94387ef3",
                "shasum": ""
            },
            "require": {
                "php": ">=5.3.3"
            },
            "require-dev": {
                "symfony/config": ">=2.0,<2.3-dev",
                "symfony/yaml": ">=2.2,<3.0"
            },
            "suggest": {
                "symfony/config": "2.2.*",
                "symfony/yaml": "2.2.*"
            },
            "type": "library",
            "extra": {
                "branch-alias": {
                    "dev-master": "2.2-dev"
                }
            },
            "autoload": {
                "psr-0": {
                    "Symfony\\Component\\Translation\\": ""
                }
            },
            "notification-url": "https://packagist.org/downloads/",
            "license": [
                "MIT"
            ],
            "authors": [
                {
                    "name": "Fabien Potencier",
                    "email": "fabien@symfony.com"
                },
                {
                    "name": "Symfony Community",
                    "homepage": "http://symfony.com/contributors"
                }
            ],
            "description": "Symfony Translation Component",
            "homepage": "http://symfony.com",
            "time": "2013-03-18 14:27:58"
        }
    ],
    "packages-dev": [

    ],
    "aliases": [

    ],
    "minimum-stability": "dev",
    "stability-flags": [

    ],
    "platform": [

    ],
    "platform-dev": [

    ]
}
